// !$*UTF8*$!
{
	archiveVersion = 1;
	classes = {
	};
	objectVersion = 46;
	objects = {

/* Begin PBXBuildFile section */
		88A8AF401F00E3F7004F4FA9 /* main.m in Sources */ = {isa = PBXBuildFile; fileRef = 88A8AF3F1F00E3F7004F4FA9 /* main.m */; };
		88A8AF431F00E3F7004F4FA9 /* AppDelegate.m in Sources */ = {isa = PBXBuildFile; fileRef = 88A8AF421F00E3F7004F4FA9 /* AppDelegate.m */; };
		88A8AF461F00E3F7004F4FA9 /* ViewController.m in Sources */ = {isa = PBXBuildFile; fileRef = 88A8AF451F00E3F7004F4FA9 /* ViewController.m */; };
		88A8AF491F00E3F7004F4FA9 /* Main.storyboard in Resources */ = {isa = PBXBuildFile; fileRef = 88A8AF471F00E3F7004F4FA9 /* Main.storyboard */; };
		88A8AF4B1F00E3F7004F4FA9 /* Assets.xcassets in Resources */ = {isa = PBXBuildFile; fileRef = 88A8AF4A1F00E3F7004F4FA9 /* Assets.xcassets */; };
		88A8AF4E1F00E3F7004F4FA9 /* LaunchScreen.storyboard in Resources */ = {isa = PBXBuildFile; fileRef = 88A8AF4C1F00E3F7004F4FA9 /* LaunchScreen.storyboard */; };
/* End PBXBuildFile section */

/* Begin PBXFileReference section */
		88A8AF3B1F00E3F7004F4FA9 /* testPro.app */ = {isa = PBXFileReference; explicitFileType = wrapper.application; includeInIndex = 0; path = testPro.app; sourceTree = BUILT_PRODUCTS_DIR; };
		88A8AF3F1F00E3F7004F4FA9 /* main.m */ = {isa = PBXFileReference; lastKnownFileType = sourcecode.c.objc; path = main.m; sourceTree = "<group>"; };
		88A8AF411F00E3F7004F4FA9 /* AppDelegate.h */ = {isa = PBXFileReference; lastKnownFileType = sourcecode.c.h; path = AppDelegate.h; sourceTree = "<group>"; };
		88A8AF421F00E3F7004F4FA9 /* AppDelegate.m */ = {isa = PBXFileReference; lastKnownFileType = sourcecode.c.objc; path = AppDelegate.m; sourceTree = "<group>"; };
		88A8AF441F00E3F7004F4FA9 /* ViewController.h */ = {isa = PBXFileReference; lastKnownFileType = sourcecode.c.h; path = ViewController.h; sourceTree = "<group>"; };
		88A8AF451F00E3F7004F4FA9 /* ViewController.m */ = {isa = PBXFileReference; lastKnownFileType = sourcecode.c.objc; path = ViewController.m; sourceTree = "<group>"; };
		88A8AF481F00E3F7004F4FA9 /* Base */ = {isa = PBXFileReference; lastKnownFileType = file.storyboard; name = Base; path = Base.lproj/Main.storyboard; sourceTree = "<group>"; };
		88A8AF4A1F00E3F7004F4FA9 /* Assets.xcassets */ = {isa = PBXFileReference; lastKnownFileType = folder.assetcatalog; path = Assets.xcassets; sourceTree = "<group>"; };
		88A8AF4D1F00E3F7004F4FA9 /* Base */ = {isa = PBXFileReference; lastKnownFileType = file.storyboard; name = Base; path = Base.lproj/LaunchScreen.storyboard; sourceTree = "<group>"; };
		88A8AF4F1F00E3F7004F4FA9 /* Info.plist */ = {isa = PBXFileReference; lastKnownFileType = text.plist.xml; path = Info.plist; sourceTree = "<group>"; };
/* End PBXFileReference section */

/* Begin PBXFrameworksBuildPhase section */
		88A8AF381F00E3F7004F4FA9 /* Frameworks */ = {
			isa = PBXFrameworksBuildPhase;
			buildActionMask = 2147483647;
			files = (
			);
			runOnlyForDeploymentPostprocessing = 0;
		};
/* End PBXFrameworksBuildPhase section */

/* Begin PBXGroup section */
		88A8AF321F00E3F7004F4FA9 = {
			isa = PBXGroup;
			children = (
				88A8AF3D1F00E3F7004F4FA9 /* testPro */,
				88A8AF3C1F00E3F7004F4FA9 /* Products */,
			);
			sourceTree = "<group>";
		};
		88A8AF3C1F00E3F7004F4FA9 /* Products */ = {
			isa = PBXGroup;
			children = (
				88A8AF3B1F00E3F7004F4FA9 /* testPro.app */,
			);
			name = Products;
			sourceTree = "<group>";
		};
		88A8AF3D1F00E3F7004F4FA9 /* testPro */ = {
			isa = PBXGroup;
			children = (
				88A8AF411F00E3F7004F4FA9 /* AppDelegate.h */,
				88A8AF421F00E3F7004F4FA9 /* AppDelegate.m */,
				88A8AF441F00E3F7004F4FA9 /* ViewController.h */,
				88A8AF451F00E3F7004F4FA9 /* ViewController.m */,
				88A8AF471F00E3F7004F4FA9 /* Main.storyboard */,
				88A8AF4A1F00E3F7004F4FA9 /* Assets.xcassets */,
				88A8AF4C1F00E3F7004F4FA9 /* LaunchScreen.storyboard */,
				88A8AF4F1F00E3F7004F4FA9 /* Info.plist */,
				88A8AF3E1F00E3F7004F4FA9 /* Supporting Files */,
			);
			path = testPro;
			sourceTree = "<group>";
		};
		88A8AF3E1F00E3F7004F4FA9 /* Supporting Files */ = {
			isa = PBXGroup;
			children = (
				88A8AF3F1F00E3F7004F4FA9 /* main.m */,
			);
			name = "Supporting Files";
			sourceTree = "<group>";
		};
/* End PBXGroup section */

/* Begin PBXNativeTarget section */
		88A8AF3A1F00E3F7004F4FA9 /* testPro */ = {
			isa = PBXNativeTarget;
			buildConfigurationList = 88A8AF521F00E3F7004F4FA9 /* Build configuration list for PBXNativeTarget "testPro" */;
			buildPhases = (
				88A8AF371F00E3F7004F4FA9 /* Sources */,
				88A8AF381F00E3F7004F4FA9 /* Frameworks */,
				88A8AF391F00E3F7004F4FA9 /* Resources */,
			);
			buildRules = (
			);
			dependencies = (
			);
			name = testPro;
			productName = testPro;
			productReference = 88A8AF3B1F00E3F7004F4FA9 /* testPro.app */;
			productType = "com.apple.product-type.application";
		};
/* End PBXNativeTarget section */

/* Begin PBXProject section */
		88A8AF331F00E3F7004F4FA9 /* Project object */ = {
			isa = PBXProject;
			attributes = {
				LastUpgradeCheck = 0830;
				ORGANIZATIONNAME = "孙世龙";
				TargetAttributes = {
					88A8AF3A1F00E3F7004F4FA9 = {
						CreatedOnToolsVersion = 8.3.3;
						DevelopmentTeam = B5K9YR6DRJ;
						ProvisioningStyle = Automatic;
					};
				};
			};
			buildConfigurationList = 88A8AF361F00E3F7004F4FA9 /* Build configuration list for PBXProject "testPro" */;
			compatibilityVersion = "Xcode 3.2";
			developmentRegion = English;
			hasScannedForEncodings = 0;
			knownRegions = (
				en,
				Base,
			);
			mainGroup = 88A8AF321F00E3F7004F4FA9;
			productRefGroup = 88A8AF3C1F00E3F7004F4FA9 /* Products */;
			projectDirPath = "";
			projectRoot = "";
			targets = (
				88A8AF3A1F00E3F7004F4FA9 /* testPro */,
			);
		};
/* End PBXProject section */

/* Begin PBXResourcesBuildPhase section */
		88A8AF391F00E3F7004F4FA9 /* Resources */ = {
			isa = PBXResourcesBuildPhase;
			buildActionMask = 2147483647;
			files = (
				88A8AF4E1F00E3F7004F4FA9 /* LaunchScreen.storyboard in Resources */,
				88A8AF4B1F00E3F7004F4FA9 /* Assets.xcassets in Resources */,
				88A8AF491F00E3F7004F4FA9 /* Main.storyboard in Resources */,
			);
			runOnlyForDeploymentPostprocessing = 0;
		};
/* End PBXResourcesBuildPhase section */

/* Begin PBXSourcesBuildPhase section */
		88A8AF371F00E3F7004F4FA9 /* Sources */ = {
			isa = PBXSourcesBuildPhase;
			buildActionMask = 2147483647;
			files = (
				88A8AF461F00E3F7004F4FA9 /* ViewController.m in Sources */,
				88A8AF431F00E3F7004F4FA9 /* AppDelegate.m in Sources */,
				88A8AF401F00E3F7004F4FA9 /* main.m in Sources */,
			);
			runOnlyForDeploymentPostprocessing = 0;
		};
/* End PBXSourcesBuildPhase section */

/* Begin PBXVariantGroup section */
		88A8AF471F00E3F7004F4FA9 /* Main.storyboard */ = {
			isa = PBXVariantGroup;
			children = (
				88A8AF481F00E3F7004F4FA9 /* Base */,
			);
			name = Main.storyboard;
			sourceTree = "<group>";
		};
		88A8AF4C1F00E3F7004F4FA9 /* LaunchScreen.storyboard */ = {
			isa = PBXVariantGroup;
			children = (
				88A8AF4D1F00E3F7004F4FA9 /* Base */,
			);
			name = LaunchScreen.storyboard;
			sourceTree = "<group>";
		};
/* End PBXVariantGroup section */

/* Begin XCBuildConfiguration section */
		88A8AF501F00E3F7004F4FA9 /* Debug */ = {
			isa = XCBuildConfiguration;
			buildSettings = {
				ALWAYS_SEARCH_USER_PATHS = NO;
				CLANG_ANALYZER_NONNULL = YES;
				CLANG_ANALYZER_NUMBER_OBJECT_CONVERSION = YES_AGGRESSIVE;
				CLANG_CXX_LANGUAGE_STANDARD = "gnu++0x";
				CLANG_CXX_LIBRARY = "libc++";
				CLANG_ENABLE_MODULES = YES;
				CLANG_ENABLE_OBJC_ARC = YES;
				CLANG_WARN_BOOL_CONVERSION = YES;
				CLANG_WARN_CONSTANT_CONVERSION = YES;
				CLANG_WARN_DIRECT_OBJC_ISA_USAGE = YES_ERROR;
				CLANG_WARN_DOCUMENTATION_COMMENTS = YES;
				CLANG_WARN_EMPTY_BODY = YES;
				CLANG_WARN_ENUM_CONVERSION = YES;
				CLANG_WARN_INFINITE_RECURSION = YES;
				CLANG_WARN_INT_CONVERSION = YES;
				CLANG_WARN_OBJC_ROOT_CLASS = YES_ERROR;
				CLANG_WARN_SUSPICIOUS_MOVE = YES;
				CLANG_WARN_UNREACHABLE_CODE = YES;
				CLANG_WARN__DUPLICATE_METHOD_MATCH = YES;
				"CODE_SIGN_IDENTITY[sdk=iphoneos*]" = "iPhone Developer";
				COPY_PHASE_STRIP = NO;
				DEBUG_INFORMATION_FORMAT = dwarf;
				ENABLE_STRICT_OBJC_MSGSEND = YES;
				ENABLE_TESTABILITY = YES;
				GCC_C_LANGUAGE_STANDARD = gnu99;
				GCC_DYNAMIC_NO_PIC = NO;
				GCC_NO_COMMON_BLOCKS = YES;
				GCC_OPTIMIZATION_LEVEL = 0;
				GCC_PREPROCESSOR_DEFINITIONS = (
					"DEBUG=1",
					"$(inherited)",
				);
				GCC_WARN_64_TO_32_BIT_CONVERSION = YES;
				GCC_WARN_ABOUT_RETURN_TYPE = YES_ERROR;
				GCC_WARN_UNDECLARED_SELECTOR = YES;
				GCC_WARN_UNINITIALIZED_AUTOS = YES_AGGRESSIVE;
				GCC_WARN_UNUSED_FUNCTION = YES;
				GCC_WARN_UNUSED_VARIABLE = YES;
				IPHONEOS_DEPLOYMENT_TARGET = 10.3;
				MTL_ENABLE_DEBUG_INFO = YES;
				ONLY_ACTIVE_ARCH = YES;
				SDKROOT = iphoneos;
				TARGETED_DEVICE_FAMILY = "1,2";
			};
			name = Debug;
		};
		88A8AF511F00E3F7004F4FA9 /* Release */ = {
			isa = XCBuildConfiguration;
			buildSettings = {
				ALWAYS_SEARCH_USER_PATHS = NO;
				CLANG_ANALYZER_NONNULL = YES;
				CLANG_ANALYZER_NUMBER_OBJECT_CONVERSION = YES_AGGRESSIVE;
				CLANG_CXX_LANGUAGE_STANDARD = "gnu++0x";
				CLANG_CXX_LIBRARY = "libc++";
				CLANG_ENABLE_MODULES = YES;
				CLANG_ENABLE_OBJC_ARC = YES;
				CLANG_WARN_BOOL_CONVERSION = YES;
				CLANG_WARN_CONSTANT_CONVERSION = YES;
				CLANG_WARN_DIRECT_OBJC_ISA_USAGE = YES_ERROR;
				CLANG_WARN_DOCUMENTATION_COMMENTS = YES;
				CLANG_WARN_EMPTY_BODY = YES;
				CLANG_WARN_ENUM_CONVERSION = YES;
				CLANG_WARN_INFINITE_RECURSION = YES;
				CLANG_WARN_INT_CONVERSION = YES;
				CLANG_WARN_OBJC_ROOT_CLASS = YES_ERROR;
				CLANG_WARN_SUSPICIOUS_MOVE = YES;
				CLANG_WARN_UNREACHABLE_CODE = YES;
				CLANG_WARN__DUPLICATE_METHOD_MATCH = YES;
				"CODE_SIGN_IDENTITY[sdk=iphoneos*]" = "iPhone Developer";
				COPY_PHASE_STRIP = NO;
				DEBUG_INFORMATION_FORMAT = "dwarf-with-dsym";
				ENABLE_NS_ASSERTIONS = NO;
				ENABLE_STRICT_OBJC_MSGSEND = YES;
				GCC_C_LANGUAGE_STANDARD = gnu99;
				GCC_NO_COMMON_BLOCKS = YES;
				GCC_WARN_64_TO_32_BIT_CONVERSION = YES;
				GCC_WARN_ABOUT_RETURN_TYPE = YES_ERROR;
				GCC_WARN_UNDECLARED_SELECTOR = YES;
				GCC_WARN_UNINITIALIZED_AUTOS = YES_AGGRESSIVE;
				GCC_WARN_UNUSED_FUNCTION = YES;
				GCC_WARN_UNUSED_VARIABLE = YES;
				IPHONEOS_DEPLOYMENT_TARGET = 10.3;
				MTL_ENABLE_DEBUG_INFO = NO;
				SDKROOT = iphoneos;
				TARGETED_DEVICE_FAMILY = "1,2";
				VALIDATE_PRODUCT = YES;
			};
			name = Release;
		};
		88A8AF531F00E3F7004F4FA9 /* Debug */ = {
			isa = XCBuildConfiguration;
			buildSettings = {
				ASSETCATALOG_COMPILER_APPICON_NAME = AppIcon;
				DEVELOPMENT_TEAM = B5K9YR6DRJ;
				INFOPLIST_FILE = testPro/Info.plist;
				LD_RUNPATH_SEARCH_PATHS = "$(inherited) @executable_path/Frameworks";
				PRODUCT_BUNDLE_IDENTIFIER = "---.testPro";
				PRODUCT_NAME = "$(TARGET_NAME)";
			};
			name = Debug;
		};
		88A8AF541F00E3F7004F4FA9 /* Release */ = {
			isa = XCBuildConfiguration;
			buildSettings = {
				ASSETCATALOG_COMPILER_APPICON_NAME = AppIcon;
				DEVELOPMENT_TEAM = B5K9YR6DRJ;
				INFOPLIST_FILE = testPro/Info.plist;
				LD_RUNPATH_SEARCH_PATHS = "$(inherited) @executable_path/Frameworks";
				PRODUCT_BUNDLE_IDENTIFIER = "---.testPro";
				PRODUCT_NAME = "$(TARGET_NAME)";
			};
			name = Release;
		};
/* End XCBuildConfiguration section */

/* Begin XCConfigurationList section */
		88A8AF361F00E3F7004F4FA9 /* Build configuration list for PBXProject "testPro" */ = {
			isa = XCConfigurationList;
			buildConfigurations = (
				88A8AF501F00E3F7004F4FA9 /* Debug */,
				88A8AF511F00E3F7004F4FA9 /* Release */,
			);
			defaultConfigurationIsVisible = 0;
			defaultConfigurationName = Release;
		};
		88A8AF521F00E3F7004F4FA9 /* Build configuration list for PBXNativeTarget "testPro" */ = {
			isa = XCConfigurationList;
			buildConfigurations = (
				88A8AF531F00E3F7004F4FA9 /* Debug */,
				88A8AF541F00E3F7004F4FA9 /* Release */,
			);
			defaultConfigurationIsVisible = 0;
		};
/* End XCConfigurationList section */
	};
	rootObject = 88A8AF331F00E3F7004F4FA9 /* Project object */;
}
